
Microsoft Visual Studio Solution File, Format Version 12.00
# Visual Studio Version 17
VisualStudioVersion = 17.2.32630.192
MinimumVisualStudioVersion = 10.0.40219.1
Project("{FAE04EC0-301F-11D3-BF4B-00C04F79EFBC}") = "E-Waste Management System", "E-Waste Management System\E-Waste Management System.csproj", "{602B9A74-C617-4B7A-9465-C6E12120E1EB}"
EndProject
Global
	GlobalSection(SolutionConfigurationPlatforms) = preSolution
		Debug|Any CPU = Debug|Any CPU
		Release|Any CPU = Release|Any CPU
	EndGlobalSection
	GlobalSection(ProjectConfigurationPlatforms) = postSolution
		{602B9A74-C617-4B7A-9465-C6E12120E1EB}.Debug|Any CPU.ActiveCfg = Debug|Any CPU
		{602B9A74-C617-4B7A-9465-C6E12120E1EB}.Debug|Any CPU.Build.0 = Debug|Any CPU
		{602B9A74-C617-4B7A-9465-C6E12120E1EB}.Release|Any CPU.ActiveCfg = Release|Any CPU
		{602B9A74-C617-4B7A-9465-C6E12120E1EB}.Release|Any CPU.Build.0 = Release|Any CPU
	EndGlobalSection
	GlobalSection(SolutionProperties) = preSolution
		HideSolutionNode = FALSE
	EndGlobalSection
	GlobalSection(ExtensibilityGlobals) = postSolution
		SolutionGuid = {A7AAFB5F-1919-4352-B05A-23FDAFDC40A1}
	EndGlobalSection
EndGlobal
